// !$*UTF8*$!
{
	archiveVersion = 1;
	classes = {
	};
	objectVersion = 56;
	objects = {

/* Begin PBXBuildFile section */
		16024D862A2A489B00DC8FD5 /* Extension + View.swift in Sources */ = {isa = PBXBuildFile; fileRef = 16024D852A2A489B00DC8FD5 /* Extension + View.swift */; };
		16024D882A2A4A3200DC8FD5 /* UserInfoView.swift in Sources */ = {isa = PBXBuildFile; fileRef = 16024D872A2A4A3200DC8FD5 /* UserInfoView.swift */; };
		16024D8C2A2A4AC900DC8FD5 /* AgeSelectionView.swift in Sources */ = {isa = PBXBuildFile; fileRef = 16024D8B2A2A4AC900DC8FD5 /* AgeSelectionView.swift */; };
		16024D8E2A2A4AE300DC8FD5 /* HeightSelectionView.swift in Sources */ = {isa = PBXBuildFile; fileRef = 16024D8D2A2A4AE300DC8FD5 /* HeightSelectionView.swift */; };
		16024D902A2A4AF500DC8FD5 /* WeightSelectionView.swift in Sources */ = {isa = PBXBuildFile; fileRef = 16024D8F2A2A4AF500DC8FD5 /* WeightSelectionView.swift */; };
		166C2FDE2A17612E00969465 /* FirebaseAnalytics in Frameworks */ = {isa = PBXBuildFile; productRef = 166C2FDD2A17612E00969465 /* FirebaseAnalytics */; };
		166C2FE02A17612E00969465 /* FirebaseAnalyticsOnDeviceConversion in Frameworks */ = {isa = PBXBuildFile; productRef = 166C2FDF2A17612E00969465 /* FirebaseAnalyticsOnDeviceConversion */; };
		166C2FE22A17612E00969465 /* FirebaseAnalyticsSwift in Frameworks */ = {isa = PBXBuildFile; productRef = 166C2FE12A17612E00969465 /* FirebaseAnalyticsSwift */; };
		166C2FE42A17612E00969465 /* FirebaseAnalyticsWithoutAdIdSupport in Frameworks */ = {isa = PBXBuildFile; productRef = 166C2FE32A17612E00969465 /* FirebaseAnalyticsWithoutAdIdSupport */; };
		166C2FE62A17612E00969465 /* FirebaseAppCheck in Frameworks */ = {isa = PBXBuildFile; productRef = 166C2FE52A17612E00969465 /* FirebaseAppCheck */; };
		166C2FE82A17612E00969465 /* FirebaseAppDistribution-Beta in Frameworks */ = {isa = PBXBuildFile; productRef = 166C2FE72A17612E00969465 /* FirebaseAppDistribution-Beta */; };
		166C2FEA2A17612E00969465 /* FirebaseAuth in Frameworks */ = {isa = PBXBuildFile; productRef = 166C2FE92A17612E00969465 /* FirebaseAuth */; };
		166C2FEC2A17612E00969465 /* FirebaseAuthCombine-Community in Frameworks */ = {isa = PBXBuildFile; productRef = 166C2FEB2A17612E00969465 /* FirebaseAuthCombine-Community */; };
		166C2FEE2A17612E00969465 /* FirebaseCrashlytics in Frameworks */ = {isa = PBXBuildFile; productRef = 166C2FED2A17612E00969465 /* FirebaseCrashlytics */; };
		166C2FF02A17612E00969465 /* FirebaseDatabase in Frameworks */ = {isa = PBXBuildFile; productRef = 166C2FEF2A17612E00969465 /* FirebaseDatabase */; };
		166C2FF22A17612E00969465 /* FirebaseDatabaseSwift in Frameworks */ = {isa = PBXBuildFile; productRef = 166C2FF12A17612E00969465 /* FirebaseDatabaseSwift */; };
		166C2FF42A17612E00969465 /* FirebaseDynamicLinks in Frameworks */ = {isa = PBXBuildFile; productRef = 166C2FF32A17612E00969465 /* FirebaseDynamicLinks */; };
		166C2FF62A17612E00969465 /* FirebaseFirestore in Frameworks */ = {isa = PBXBuildFile; productRef = 166C2FF52A17612E00969465 /* FirebaseFirestore */; };
		166C2FF82A17612E00969465 /* FirebaseFirestoreCombine-Community in Frameworks */ = {isa = PBXBuildFile; productRef = 166C2FF72A17612E00969465 /* FirebaseFirestoreCombine-Community */; };
		166C2FFA2A17612E00969465 /* FirebaseFirestoreSwift in Frameworks */ = {isa = PBXBuildFile; productRef = 166C2FF92A17612E00969465 /* FirebaseFirestoreSwift */; };
		166C2FFC2A17612E00969465 /* FirebaseFunctions in Frameworks */ = {isa = PBXBuildFile; productRef = 166C2FFB2A17612E00969465 /* FirebaseFunctions */; };
		166C2FFE2A17612E00969465 /* FirebaseFunctionsCombine-Community in Frameworks */ = {isa = PBXBuildFile; productRef = 166C2FFD2A17612E00969465 /* FirebaseFunctionsCombine-Community */; };
		166C30002A17612E00969465 /* FirebaseInAppMessaging-Beta in Frameworks */ = {isa = PBXBuildFile; productRef = 166C2FFF2A17612E00969465 /* FirebaseInAppMessaging-Beta */; };
		166C30022A17612E00969465 /* FirebaseInAppMessagingSwift-Beta in Frameworks */ = {isa = PBXBuildFile; productRef = 166C30012A17612E00969465 /* FirebaseInAppMessagingSwift-Beta */; };
		166C30042A17612E00969465 /* FirebaseInstallations in Frameworks */ = {isa = PBXBuildFile; productRef = 166C30032A17612E00969465 /* FirebaseInstallations */; };
		166C30062A17612E00969465 /* FirebaseMLModelDownloader in Frameworks */ = {isa = PBXBuildFile; productRef = 166C30052A17612E00969465 /* FirebaseMLModelDownloader */; };
		166C30082A17612E00969465 /* FirebaseMessaging in Frameworks */ = {isa = PBXBuildFile; productRef = 166C30072A17612E00969465 /* FirebaseMessaging */; };
		166C300A2A17612E00969465 /* FirebasePerformance in Frameworks */ = {isa = PBXBuildFile; productRef = 166C30092A17612E00969465 /* FirebasePerformance */; };
		166C300C2A17612E00969465 /* FirebaseRemoteConfig in Frameworks */ = {isa = PBXBuildFile; productRef = 166C300B2A17612E00969465 /* FirebaseRemoteConfig */; };
		166C300E2A17612E00969465 /* FirebaseRemoteConfigSwift in Frameworks */ = {isa = PBXBuildFile; productRef = 166C300D2A17612E00969465 /* FirebaseRemoteConfigSwift */; };
		166C30102A17612E00969465 /* FirebaseStorage in Frameworks */ = {isa = PBXBuildFile; productRef = 166C300F2A17612E00969465 /* FirebaseStorage */; };
		166C30122A17612E00969465 /* FirebaseStorageCombine-Community in Frameworks */ = {isa = PBXBuildFile; productRef = 166C30112A17612E00969465 /* FirebaseStorageCombine-Community */; };
		166C30142A1761B700969465 /* AppDelegate.swift in Sources */ = {isa = PBXBuildFile; fileRef = 166C30132A1761B700969465 /* AppDelegate.swift */; };
		169303682A1285B200CB6077 /* RegistrationView.swift in Sources */ = {isa = PBXBuildFile; fileRef = 169303672A1285B200CB6077 /* RegistrationView.swift */; };
		16ABB0432A082B29002B9076 /* Challenge.swift in Sources */ = {isa = PBXBuildFile; fileRef = 16ABB0422A082B29002B9076 /* Challenge.swift */; };
		16ABB0462A082EB1002B9076 /* MainScreen.swift in Sources */ = {isa = PBXBuildFile; fileRef = 16ABB0452A082EB1002B9076 /* MainScreen.swift */; };
		16ABB0492A089D05002B9076 /* ChartSteps.swift in Sources */ = {isa = PBXBuildFile; fileRef = 16ABB0482A089D05002B9076 /* ChartSteps.swift */; };
		16ABB04B2A08FE7E002B9076 /* ProfileMainView.swift in Sources */ = {isa = PBXBuildFile; fileRef = 16ABB04A2A08FE7E002B9076 /* ProfileMainView.swift */; };
		16ABB04D2A090517002B9076 /* InfoView.swift in Sources */ = {isa = PBXBuildFile; fileRef = 16ABB04C2A090517002B9076 /* InfoView.swift */; };
		16B118A22A175D5E00D42AD6 /* GoogleService-Info.plist in Resources */ = {isa = PBXBuildFile; fileRef = 16B118A12A175D5E00D42AD6 /* GoogleService-Info.plist */; };
		16CB40792A07E62E00650EEA /* ZapFitnessApp.swift in Sources */ = {isa = PBXBuildFile; fileRef = 16CB40782A07E62E00650EEA /* ZapFitnessApp.swift */; };
		16CB407B2A07E62E00650EEA /* ContentView.swift in Sources */ = {isa = PBXBuildFile; fileRef = 16CB407A2A07E62E00650EEA /* ContentView.swift */; };
		16CB407D2A07E63000650EEA /* Assets.xcassets in Resources */ = {isa = PBXBuildFile; fileRef = 16CB407C2A07E63000650EEA /* Assets.xcassets */; };
		16CB40802A07E63000650EEA /* Preview Assets.xcassets in Resources */ = {isa = PBXBuildFile; fileRef = 16CB407F2A07E63000650EEA /* Preview Assets.xcassets */; };
		16CB40872A07EFBE00650EEA /* CustomTabBar.swift in Sources */ = {isa = PBXBuildFile; fileRef = 16CB40862A07EFBD00650EEA /* CustomTabBar.swift */; };
		16CB408A2A07F3C900650EEA /* NoizeSport-Regular.ttf in Resources */ = {isa = PBXBuildFile; fileRef = 16CB40892A07F3C800650EEA /* NoizeSport-Regular.ttf */; };
		16CB40982A07F7E700650EEA /* ArtegraSans-ExtraLight.ttf in Resources */ = {isa = PBXBuildFile; fileRef = 16CB40902A07F7C700650EEA /* ArtegraSans-ExtraLight.ttf */; };
		16CB409B2A07F88300650EEA /* ArtegraSans-ExtraLightItalic.ttf in Resources */ = {isa = PBXBuildFile; fileRef = 16CB409A2A07F88300650EEA /* ArtegraSans-ExtraLightItalic.ttf */; };
		16CB409E2A07F93200650EEA /* TotalAll.swift in Sources */ = {isa = PBXBuildFile; fileRef = 16CB409D2A07F93200650EEA /* TotalAll.swift */; };
/* End PBXBuildFile section */

/* Begin PBXFileReference section */
		16024D852A2A489B00DC8FD5 /* Extension + View.swift */ = {isa = PBXFileReference; lastKnownFileType = sourcecode.swift; path = "Extension + View.swift"; sourceTree = "<group>"; };
		16024D872A2A4A3200DC8FD5 /* UserInfoView.swift */ = {isa = PBXFileReference; lastKnownFileType = sourcecode.swift; path = UserInfoView.swift; sourceTree = "<group>"; };
		16024D8B2A2A4AC900DC8FD5 /* AgeSelectionView.swift */ = {isa = PBXFileReference; lastKnownFileType = sourcecode.swift; path = AgeSelectionView.swift; sourceTree = "<group>"; };
		16024D8D2A2A4AE300DC8FD5 /* HeightSelectionView.swift */ = {isa = PBXFileReference; lastKnownFileType = sourcecode.swift; path = HeightSelectionView.swift; sourceTree = "<group>"; };
		16024D8F2A2A4AF500DC8FD5 /* WeightSelectionView.swift */ = {isa = PBXFileReference; lastKnownFileType = sourcecode.swift; path = WeightSelectionView.swift; sourceTree = "<group>"; };
		166C30132A1761B700969465 /* AppDelegate.swift */ = {isa = PBXFileReference; lastKnownFileType = sourcecode.swift; path = AppDelegate.swift; sourceTree = "<group>"; };
		169303672A1285B200CB6077 /* RegistrationView.swift */ = {isa = PBXFileReference; lastKnownFileType = sourcecode.swift; path = RegistrationView.swift; sourceTree = "<group>"; };
		16ABB0422A082B29002B9076 /* Challenge.swift */ = {isa = PBXFileReference; lastKnownFileType = sourcecode.swift; path = Challenge.swift; sourceTree = "<group>"; };
		16ABB0452A082EB1002B9076 /* MainScreen.swift */ = {isa = PBXFileReference; lastKnownFileType = sourcecode.swift; path = MainScreen.swift; sourceTree = "<group>"; };
		16ABB0482A089D05002B9076 /* ChartSteps.swift */ = {isa = PBXFileReference; lastKnownFileType = sourcecode.swift; path = ChartSteps.swift; sourceTree = "<group>"; };
		16ABB04A2A08FE7E002B9076 /* ProfileMainView.swift */ = {isa = PBXFileReference; lastKnownFileType = sourcecode.swift; path = ProfileMainView.swift; sourceTree = "<group>"; };
		16ABB04C2A090517002B9076 /* InfoView.swift */ = {isa = PBXFileReference; lastKnownFileType = sourcecode.swift; path = InfoView.swift; sourceTree = "<group>"; };
		16B118A12A175D5E00D42AD6 /* GoogleService-Info.plist */ = {isa = PBXFileReference; fileEncoding = 4; lastKnownFileType = text.plist.xml; path = "GoogleService-Info.plist"; sourceTree = "<group>"; };
		16CB40752A07E62E00650EEA /* ZapFitness.app */ = {isa = PBXFileReference; explicitFileType = wrapper.application; includeInIndex = 0; path = ZapFitness.app; sourceTree = BUILT_PRODUCTS_DIR; };
		16CB40782A07E62E00650EEA /* ZapFitnessApp.swift */ = {isa = PBXFileReference; lastKnownFileType = sourcecode.swift; path = ZapFitnessApp.swift; sourceTree = "<group>"; };
		16CB407A2A07E62E00650EEA /* ContentView.swift */ = {isa = PBXFileReference; lastKnownFileType = sourcecode.swift; path = ContentView.swift; sourceTree = "<group>"; };
		16CB407C2A07E63000650EEA /* Assets.xcassets */ = {isa = PBXFileReference; lastKnownFileType = folder.assetcatalog; path = Assets.xcassets; sourceTree = "<group>"; };
		16CB407F2A07E63000650EEA /* Preview Assets.xcassets */ = {isa = PBXFileReference; lastKnownFileType = folder.assetcatalog; path = "Preview Assets.xcassets"; sourceTree = "<group>"; };
		16CB40862A07EFBD00650EEA /* CustomTabBar.swift */ = {isa = PBXFileReference; lastKnownFileType = sourcecode.swift; path = CustomTabBar.swift; sourceTree = "<group>"; };
		16CB40892A07F3C800650EEA /* NoizeSport-Regular.ttf */ = {isa = PBXFileReference; lastKnownFileType = file; path = "NoizeSport-Regular.ttf"; sourceTree = "<group>"; };
		16CB408B2A07F40000650EEA /* Info.plist */ = {isa = PBXFileReference; lastKnownFileType = text.plist; path = Info.plist; sourceTree = "<group>"; };
		16CB40902A07F7C700650EEA /* ArtegraSans-ExtraLight.ttf */ = {isa = PBXFileReference; lastKnownFileType = file; path = "ArtegraSans-ExtraLight.ttf"; sourceTree = "<group>"; };
		16CB409A2A07F88300650EEA /* ArtegraSans-ExtraLightItalic.ttf */ = {isa = PBXFileReference; lastKnownFileType = file; path = "ArtegraSans-ExtraLightItalic.ttf"; sourceTree = "<group>"; };
		16CB409D2A07F93200650EEA /* TotalAll.swift */ = {isa = PBXFileReference; lastKnownFileType = sourcecode.swift; name = TotalAll.swift; path = ../../../../../../../../../Downloads/TotalAll.swift; sourceTree = "<group>"; };
/* End PBXFileReference section */

/* Begin PBXFrameworksBuildPhase section */
		16CB40722A07E62E00650EEA /* Frameworks */ = {
			isa = PBXFrameworksBuildPhase;
			buildActionMask = 2147483647;
			files = (
				166C2FF02A17612E00969465 /* FirebaseDatabase in Frameworks */,
				166C2FFE2A17612E00969465 /* FirebaseFunctionsCombine-Community in Frameworks */,
				166C2FF62A17612E00969465 /* FirebaseFirestore in Frameworks */,
				166C2FE22A17612E00969465 /* FirebaseAnalyticsSwift in Frameworks */,
				166C2FDE2A17612E00969465 /* FirebaseAnalytics in Frameworks */,
				166C2FE02A17612E00969465 /* FirebaseAnalyticsOnDeviceConversion in Frameworks */,
				166C30062A17612E00969465 /* FirebaseMLModelDownloader in Frameworks */,
				166C2FFA2A17612E00969465 /* FirebaseFirestoreSwift in Frameworks */,
				166C2FE62A17612E00969465 /* FirebaseAppCheck in Frameworks */,
				166C2FE42A17612E00969465 /* FirebaseAnalyticsWithoutAdIdSupport in Frameworks */,
				166C2FEA2A17612E00969465 /* FirebaseAuth in Frameworks */,
				166C2FEE2A17612E00969465 /* FirebaseCrashlytics in Frameworks */,
				166C300E2A17612E00969465 /* FirebaseRemoteConfigSwift in Frameworks */,
				166C30002A17612E00969465 /* FirebaseInAppMessaging-Beta in Frameworks */,
				166C2FF22A17612E00969465 /* FirebaseDatabaseSwift in Frameworks */,
				166C2FFC2A17612E00969465 /* FirebaseFunctions in Frameworks */,
				166C30122A17612E00969465 /* FirebaseStorageCombine-Community in Frameworks */,
				166C300C2A17612E00969465 /* FirebaseRemoteConfig in Frameworks */,
				166C2FE82A17612E00969465 /* FirebaseAppDistribution-Beta in Frameworks */,
				166C2FEC2A17612E00969465 /* FirebaseAuthCombine-Community in Frameworks */,
				166C300A2A17612E00969465 /* FirebasePerformance in Frameworks */,
				166C30022A17612E00969465 /* FirebaseInAppMessagingSwift-Beta in Frameworks */,
				166C30102A17612E00969465 /* FirebaseStorage in Frameworks */,
				166C2FF42A17612E00969465 /* FirebaseDynamicLinks in Frameworks */,
				166C2FF82A17612E00969465 /* FirebaseFirestoreCombine-Community in Frameworks */,
				166C30082A17612E00969465 /* FirebaseMessaging in Frameworks */,
				166C30042A17612E00969465 /* FirebaseInstallations in Frameworks */,
			);
			runOnlyForDeploymentPostprocessing = 0;
		};
/* End PBXFrameworksBuildPhase section */

/* Begin PBXGroup section */
		16024D842A2A486600DC8FD5 /* Extension */ = {
			isa = PBXGroup;
			children = (
				16024D852A2A489B00DC8FD5 /* Extension + View.swift */,
			);
			path = Extension;
			sourceTree = "<group>";
		};
		16024D892A2A4A9C00DC8FD5 /* UserInfoView */ = {
			isa = PBXGroup;
			children = (
				16024D8A2A2A4AA900DC8FD5 /* SelectionView */,
				16024D872A2A4A3200DC8FD5 /* UserInfoView.swift */,
			);
			path = UserInfoView;
			sourceTree = "<group>";
		};
		16024D8A2A2A4AA900DC8FD5 /* SelectionView */ = {
			isa = PBXGroup;
			children = (
				16024D8B2A2A4AC900DC8FD5 /* AgeSelectionView.swift */,
				16024D8D2A2A4AE300DC8FD5 /* HeightSelectionView.swift */,
				16024D8F2A2A4AF500DC8FD5 /* WeightSelectionView.swift */,
			);
			path = SelectionView;
			sourceTree = "<group>";
		};
		169303662A12858700CB6077 /* RegistrationScreen */ = {
			isa = PBXGroup;
			children = (
				16024D892A2A4A9C00DC8FD5 /* UserInfoView */,
				16ABB04C2A090517002B9076 /* InfoView.swift */,
				169303672A1285B200CB6077 /* RegistrationView.swift */,
			);
			path = RegistrationScreen;
			sourceTree = "<group>";
		};
		16ABB0472A089CE7002B9076 /* Charts */ = {
			isa = PBXGroup;
			children = (
				16ABB0482A089D05002B9076 /* ChartSteps.swift */,
			);
			path = Charts;
			sourceTree = "<group>";
		};
		16CB406C2A07E62E00650EEA = {
			isa = PBXGroup;
			children = (
				16CB40772A07E62E00650EEA /* ZapFitness */,
				16CB40762A07E62E00650EEA /* Products */,
			);
			sourceTree = "<group>";
		};
		16CB40762A07E62E00650EEA /* Products */ = {
			isa = PBXGroup;
			children = (
				16CB40752A07E62E00650EEA /* ZapFitness.app */,
			);
			name = Products;
			sourceTree = "<group>";
		};
		16CB40772A07E62E00650EEA /* ZapFitness */ = {
			isa = PBXGroup;
			children = (
				16024D842A2A486600DC8FD5 /* Extension */,
				169303662A12858700CB6077 /* RegistrationScreen */,
				16CB409C2A07F8FE00650EEA /* MainScreen */,
				16CB408B2A07F40000650EEA /* Info.plist */,
				16B118A12A175D5E00D42AD6 /* GoogleService-Info.plist */,
				16CB408C2A07F51800650EEA /* Fonts */,
				16CB40782A07E62E00650EEA /* ZapFitnessApp.swift */,
				16CB407A2A07E62E00650EEA /* ContentView.swift */,
				16CB407C2A07E63000650EEA /* Assets.xcassets */,
				16CB407E2A07E63000650EEA /* Preview Content */,
				166C30132A1761B700969465 /* AppDelegate.swift */,
			);
			path = ZapFitness;
			sourceTree = "<group>";
		};
		16CB407E2A07E63000650EEA /* Preview Content */ = {
			isa = PBXGroup;
			children = (
				16CB407F2A07E63000650EEA /* Preview Assets.xcassets */,
			);
			path = "Preview Content";
			sourceTree = "<group>";
		};
		16CB40882A07EFC800650EEA /* TabBar */ = {
			isa = PBXGroup;
			children = (
				16CB40862A07EFBD00650EEA /* CustomTabBar.swift */,
			);
			path = TabBar;
			sourceTree = "<group>";
		};
		16CB408C2A07F51800650EEA /* Fonts */ = {
			isa = PBXGroup;
			children = (
				16CB40892A07F3C800650EEA /* NoizeSport-Regular.ttf */,
				16CB409A2A07F88300650EEA /* ArtegraSans-ExtraLightItalic.ttf */,
				16CB40902A07F7C700650EEA /* ArtegraSans-ExtraLight.ttf */,
			);
			path = Fonts;
			sourceTree = "<group>";
		};
		16CB409C2A07F8FE00650EEA /* MainScreen */ = {
			isa = PBXGroup;
			children = (
				16CB40882A07EFC800650EEA /* TabBar */,
				16ABB0472A089CE7002B9076 /* Charts */,
				16CB409D2A07F93200650EEA /* TotalAll.swift */,
				16ABB0422A082B29002B9076 /* Challenge.swift */,
				16ABB0452A082EB1002B9076 /* MainScreen.swift */,
				16ABB04A2A08FE7E002B9076 /* ProfileMainView.swift */,
			);
			path = MainScreen;
			sourceTree = "<group>";
		};
/* End PBXGroup section */

/* Begin PBXNativeTarget section */
		16CB40742A07E62E00650EEA /* ZapFitness */ = {
			isa = PBXNativeTarget;
			buildConfigurationList = 16CB40832A07E63000650EEA /* Build configuration list for PBXNativeTarget "ZapFitness" */;
			buildPhases = (
				16CB40712A07E62E00650EEA /* Sources */,
				16CB40722A07E62E00650EEA /* Frameworks */,
				16CB40732A07E62E00650EEA /* Resources */,
			);
			buildRules = (
			);
			dependencies = (
			);
			name = ZapFitness;
			packageProductDependencies = (
				166C2FDD2A17612E00969465 /* FirebaseAnalytics */,
				166C2FDF2A17612E00969465 /* FirebaseAnalyticsOnDeviceConversion */,
				166C2FE12A17612E00969465 /* FirebaseAnalyticsSwift */,
				166C2FE32A17612E00969465 /* FirebaseAnalyticsWithoutAdIdSupport */,
				166C2FE52A17612E00969465 /* FirebaseAppCheck */,
				166C2FE72A17612E00969465 /* FirebaseAppDistribution-Beta */,
				166C2FE92A17612E00969465 /* FirebaseAuth */,
				166C2FEB2A17612E00969465 /* FirebaseAuthCombine-Community */,
				166C2FED2A17612E00969465 /* FirebaseCrashlytics */,
				166C2FEF2A17612E00969465 /* FirebaseDatabase */,
				166C2FF12A17612E00969465 /* FirebaseDatabaseSwift */,
				166C2FF32A17612E00969465 /* FirebaseDynamicLinks */,
				166C2FF52A17612E00969465 /* FirebaseFirestore */,
				166C2FF72A17612E00969465 /* FirebaseFirestoreCombine-Community */,
				166C2FF92A17612E00969465 /* FirebaseFirestoreSwift */,
				166C2FFB2A17612E00969465 /* FirebaseFunctions */,
				166C2FFD2A17612E00969465 /* FirebaseFunctionsCombine-Community */,
				166C2FFF2A17612E00969465 /* FirebaseInAppMessaging-Beta */,
				166C30012A17612E00969465 /* FirebaseInAppMessagingSwift-Beta */,
				166C30032A17612E00969465 /* FirebaseInstallations */,
				166C30052A17612E00969465 /* FirebaseMLModelDownloader */,
				166C30072A17612E00969465 /* FirebaseMessaging */,
				166C30092A17612E00969465 /* FirebasePerformance */,
				166C300B2A17612E00969465 /* FirebaseRemoteConfig */,
				166C300D2A17612E00969465 /* FirebaseRemoteConfigSwift */,
				166C300F2A17612E00969465 /* FirebaseStorage */,
				166C30112A17612E00969465 /* FirebaseStorageCombine-Community */,
			);
			productName = ZapFitness;
			productReference = 16CB40752A07E62E00650EEA /* ZapFitness.app */;
			productType = "com.apple.product-type.application";
		};
/* End PBXNativeTarget section */

/* Begin PBXProject section */
		16CB406D2A07E62E00650EEA /* Project object */ = {
			isa = PBXProject;
			attributes = {
				BuildIndependentTargetsInParallel = 1;
				LastSwiftUpdateCheck = 1420;
				LastUpgradeCheck = 1420;
				TargetAttributes = {
					16CB40742A07E62E00650EEA = {
						CreatedOnToolsVersion = 14.2;
					};
				};
			};
			buildConfigurationList = 16CB40702A07E62E00650EEA /* Build configuration list for PBXProject "ZapFitness" */;
			compatibilityVersion = "Xcode 14.0";
			developmentRegion = en;
			hasScannedForEncodings = 0;
			knownRegions = (
				en,
				Base,
			);
			mainGroup = 16CB406C2A07E62E00650EEA;
			packageReferences = (
				166C2FDC2A17612E00969465 /* XCRemoteSwiftPackageReference "firebase-ios-sdk" */,
			);
			productRefGroup = 16CB40762A07E62E00650EEA /* Products */;
			projectDirPath = "";
			projectRoot = "";
			targets = (
				16CB40742A07E62E00650EEA /* ZapFitness */,
			);
		};
/* End PBXProject section */

/* Begin PBXResourcesBuildPhase section */
		16CB40732A07E62E00650EEA /* Resources */ = {
			isa = PBXResourcesBuildPhase;
			buildActionMask = 2147483647;
			files = (
				16CB40802A07E63000650EEA /* Preview Assets.xcassets in Resources */,
				16CB407D2A07E63000650EEA /* Assets.xcassets in Resources */,
				16CB409B2A07F88300650EEA /* ArtegraSans-ExtraLightItalic.ttf in Resources */,
				16CB408A2A07F3C900650EEA /* NoizeSport-Regular.ttf in Resources */,
				16CB40982A07F7E700650EEA /* ArtegraSans-ExtraLight.ttf in Resources */,
				16B118A22A175D5E00D42AD6 /* GoogleService-Info.plist in Resources */,
			);
			runOnlyForDeploymentPostprocessing = 0;
		};
/* End PBXResourcesBuildPhase section */

/* Begin PBXSourcesBuildPhase section */
		16CB40712A07E62E00650EEA /* Sources */ = {
			isa = PBXSourcesBuildPhase;
			buildActionMask = 2147483647;
			files = (
				166C30142A1761B700969465 /* AppDelegate.swift in Sources */,
				16ABB0462A082EB1002B9076 /* MainScreen.swift in Sources */,
				16ABB04B2A08FE7E002B9076 /* ProfileMainView.swift in Sources */,
				16CB407B2A07E62E00650EEA /* ContentView.swift in Sources */,
				16024D862A2A489B00DC8FD5 /* Extension + View.swift in Sources */,
				16024D902A2A4AF500DC8FD5 /* WeightSelectionView.swift in Sources */,
				16024D8C2A2A4AC900DC8FD5 /* AgeSelectionView.swift in Sources */,
				16CB40872A07EFBE00650EEA /* CustomTabBar.swift in Sources */,
				16ABB0492A089D05002B9076 /* ChartSteps.swift in Sources */,
				16CB409E2A07F93200650EEA /* TotalAll.swift in Sources */,
				16CB40792A07E62E00650EEA /* ZapFitnessApp.swift in Sources */,
				16024D8E2A2A4AE300DC8FD5 /* HeightSelectionView.swift in Sources */,
				16ABB04D2A090517002B9076 /* InfoView.swift in Sources */,
				16024D882A2A4A3200DC8FD5 /* UserInfoView.swift in Sources */,
				16ABB0432A082B29002B9076 /* Challenge.swift in Sources */,
				169303682A1285B200CB6077 /* RegistrationView.swift in Sources */,
			);
			runOnlyForDeploymentPostprocessing = 0;
		};
/* End PBXSourcesBuildPhase section */

/* Begin XCBuildConfiguration section */
		16CB40812A07E63000650EEA /* Debug */ = {
			isa = XCBuildConfiguration;
			buildSettings = {
				ALWAYS_SEARCH_USER_PATHS = NO;
				CLANG_ANALYZER_NONNULL = YES;
				CLANG_ANALYZER_NUMBER_OBJECT_CONVERSION = YES_AGGRESSIVE;
				CLANG_CXX_LANGUAGE_STANDARD = "gnu++20";
				CLANG_ENABLE_MODULES = YES;
				CLANG_ENABLE_OBJC_ARC = YES;
				CLANG_ENABLE_OBJC_WEAK = YES;
				CLANG_WARN_BLOCK_CAPTURE_AUTORELEASING = YES;
				CLANG_WARN_BOOL_CONVERSION = YES;
				CLANG_WARN_COMMA = YES;
				CLANG_WARN_CONSTANT_CONVERSION = YES;
				CLANG_WARN_DEPRECATED_OBJC_IMPLEMENTATIONS = YES;
				CLANG_WARN_DIRECT_OBJC_ISA_USAGE = YES_ERROR;
				CLANG_WARN_DOCUMENTATION_COMMENTS = YES;
				CLANG_WARN_EMPTY_BODY = YES;
				CLANG_WARN_ENUM_CONVERSION = YES;
				CLANG_WARN_INFINITE_RECURSION = YES;
				CLANG_WARN_INT_CONVERSION = YES;
				CLANG_WARN_NON_LITERAL_NULL_CONVERSION = YES;
				CLANG_WARN_OBJC_IMPLICIT_RETAIN_SELF = YES;
				CLANG_WARN_OBJC_LITERAL_CONVERSION = YES;
				CLANG_WARN_OBJC_ROOT_CLASS = YES_ERROR;
				CLANG_WARN_QUOTED_INCLUDE_IN_FRAMEWORK_HEADER = YES;
				CLANG_WARN_RANGE_LOOP_ANALYSIS = YES;
				CLANG_WARN_STRICT_PROTOTYPES = YES;
				CLANG_WARN_SUSPICIOUS_MOVE = YES;
				CLANG_WARN_UNGUARDED_AVAILABILITY = YES_AGGRESSIVE;
				CLANG_WARN_UNREACHABLE_CODE = YES;
				CLANG_WARN__DUPLICATE_METHOD_MATCH = YES;
				COPY_PHASE_STRIP = NO;
				DEBUG_INFORMATION_FORMAT = dwarf;
				ENABLE_STRICT_OBJC_MSGSEND = YES;
				ENABLE_TESTABILITY = YES;
				GCC_C_LANGUAGE_STANDARD = gnu11;
				GCC_DYNAMIC_NO_PIC = NO;
				GCC_NO_COMMON_BLOCKS = YES;
				GCC_OPTIMIZATION_LEVEL = 0;
				GCC_PREPROCESSOR_DEFINITIONS = (
					"DEBUG=1",
					"$(inherited)",
				);
				GCC_WARN_64_TO_32_BIT_CONVERSION = YES;
				GCC_WARN_ABOUT_RETURN_TYPE = YES_ERROR;
				GCC_WARN_UNDECLARED_SELECTOR = YES;
				GCC_WARN_UNINITIALIZED_AUTOS = YES_AGGRESSIVE;
				GCC_WARN_UNUSED_FUNCTION = YES;
				GCC_WARN_UNUSED_VARIABLE = YES;
				IPHONEOS_DEPLOYMENT_TARGET = 16.2;
				MTL_ENABLE_DEBUG_INFO = INCLUDE_SOURCE;
				MTL_FAST_MATH = YES;
				ONLY_ACTIVE_ARCH = YES;
				SDKROOT = iphoneos;
				SWIFT_ACTIVE_COMPILATION_CONDITIONS = DEBUG;
				SWIFT_OPTIMIZATION_LEVEL = "-Onone";
			};
			name = Debug;
		};
		16CB40822A07E63000650EEA /* Release */ = {
			isa = XCBuildConfiguration;
			buildSettings = {
				ALWAYS_SEARCH_USER_PATHS = NO;
				CLANG_ANALYZER_NONNULL = YES;
				CLANG_ANALYZER_NUMBER_OBJECT_CONVERSION = YES_AGGRESSIVE;
				CLANG_CXX_LANGUAGE_STANDARD = "gnu++20";
				CLANG_ENABLE_MODULES = YES;
				CLANG_ENABLE_OBJC_ARC = YES;
				CLANG_ENABLE_OBJC_WEAK = YES;
				CLANG_WARN_BLOCK_CAPTURE_AUTORELEASING = YES;
				CLANG_WARN_BOOL_CONVERSION = YES;
				CLANG_WARN_COMMA = YES;
				CLANG_WARN_CONSTANT_CONVERSION = YES;
				CLANG_WARN_DEPRECATED_OBJC_IMPLEMENTATIONS = YES;
				CLANG_WARN_DIRECT_OBJC_ISA_USAGE = YES_ERROR;
				CLANG_WARN_DOCUMENTATION_COMMENTS = YES;
				CLANG_WARN_EMPTY_BODY = YES;
				CLANG_WARN_ENUM_CONVERSION = YES;
				CLANG_WARN_INFINITE_RECURSION = YES;
				CLANG_WARN_INT_CONVERSION = YES;
				CLANG_WARN_NON_LITERAL_NULL_CONVERSION = YES;
				CLANG_WARN_OBJC_IMPLICIT_RETAIN_SELF = YES;
				CLANG_WARN_OBJC_LITERAL_CONVERSION = YES;
				CLANG_WARN_OBJC_ROOT_CLASS = YES_ERROR;
				CLANG_WARN_QUOTED_INCLUDE_IN_FRAMEWORK_HEADER = YES;
				CLANG_WARN_RANGE_LOOP_ANALYSIS = YES;
				CLANG_WARN_STRICT_PROTOTYPES = YES;
				CLANG_WARN_SUSPICIOUS_MOVE = YES;
				CLANG_WARN_UNGUARDED_AVAILABILITY = YES_AGGRESSIVE;
				CLANG_WARN_UNREACHABLE_CODE = YES;
				CLANG_WARN__DUPLICATE_METHOD_MATCH = YES;
				COPY_PHASE_STRIP = NO;
				DEBUG_INFORMATION_FORMAT = "dwarf-with-dsym";
				ENABLE_NS_ASSERTIONS = NO;
				ENABLE_STRICT_OBJC_MSGSEND = YES;
				GCC_C_LANGUAGE_STANDARD = gnu11;
				GCC_NO_COMMON_BLOCKS = YES;
				GCC_WARN_64_TO_32_BIT_CONVERSION = YES;
				GCC_WARN_ABOUT_RETURN_TYPE = YES_ERROR;
				GCC_WARN_UNDECLARED_SELECTOR = YES;
				GCC_WARN_UNINITIALIZED_AUTOS = YES_AGGRESSIVE;
				GCC_WARN_UNUSED_FUNCTION = YES;
				GCC_WARN_UNUSED_VARIABLE = YES;
				IPHONEOS_DEPLOYMENT_TARGET = 16.2;
				MTL_ENABLE_DEBUG_INFO = NO;
				MTL_FAST_MATH = YES;
				SDKROOT = iphoneos;
				SWIFT_COMPILATION_MODE = wholemodule;
				SWIFT_OPTIMIZATION_LEVEL = "-O";
				VALIDATE_PRODUCT = YES;
			};
			name = Release;
		};
		16CB40842A07E63000650EEA /* Debug */ = {
			isa = XCBuildConfiguration;
			buildSettings = {
				ASSETCATALOG_COMPILER_APPICON_NAME = AppIcon;
				ASSETCATALOG_COMPILER_GLOBAL_ACCENT_COLOR_NAME = AccentColor;
				CODE_SIGN_STYLE = Automatic;
				CURRENT_PROJECT_VERSION = 1;
				DEVELOPMENT_ASSET_PATHS = "\"ZapFitness/Preview Content\"";
				DEVELOPMENT_TEAM = LLVUWV97ZX;
				ENABLE_PREVIEWS = YES;
				GENERATE_INFOPLIST_FILE = YES;
				INFOPLIST_FILE = ZapFitness/Info.plist;
				INFOPLIST_KEY_UIApplicationSceneManifest_Generation = YES;
				INFOPLIST_KEY_UIApplicationSupportsIndirectInputEvents = YES;
				INFOPLIST_KEY_UILaunchScreen_Generation = YES;
				INFOPLIST_KEY_UISupportedInterfaceOrientations_iPad = "UIInterfaceOrientationPortrait UIInterfaceOrientationPortraitUpsideDown UIInterfaceOrientationLandscapeLeft UIInterfaceOrientationLandscapeRight";
				INFOPLIST_KEY_UISupportedInterfaceOrientations_iPhone = "UIInterfaceOrientationPortrait UIInterfaceOrientationLandscapeLeft UIInterfaceOrientationLandscapeRight";
				LD_RUNPATH_SEARCH_PATHS = (
					"$(inherited)",
					"@executable_path/Frameworks",
				);
				MARKETING_VERSION = 1.0;
				PRODUCT_BUNDLE_IDENTIFIER = com.VictorGaritskyu.ZapFitness;
				PRODUCT_NAME = "$(TARGET_NAME)";
				SWIFT_EMIT_LOC_STRINGS = YES;
				SWIFT_VERSION = 5.0;
				TARGETED_DEVICE_FAMILY = "1,2";
			};
			name = Debug;
		};
		16CB40852A07E63000650EEA /* Release */ = {
			isa = XCBuildConfiguration;
			buildSettings = {
				ASSETCATALOG_COMPILER_APPICON_NAME = AppIcon;
				ASSETCATALOG_COMPILER_GLOBAL_ACCENT_COLOR_NAME = AccentColor;
				CODE_SIGN_STYLE = Automatic;
				CURRENT_PROJECT_VERSION = 1;
				DEVELOPMENT_ASSET_PATHS = "\"ZapFitness/Preview Content\"";
				DEVELOPMENT_TEAM = LLVUWV97ZX;
				ENABLE_PREVIEWS = YES;
				GENERATE_INFOPLIST_FILE = YES;
				INFOPLIST_FILE = ZapFitness/Info.plist;
				INFOPLIST_KEY_UIApplicationSceneManifest_Generation = YES;
				INFOPLIST_KEY_UIApplicationSupportsIndirectInputEvents = YES;
				INFOPLIST_KEY_UILaunchScreen_Generation = YES;
				INFOPLIST_KEY_UISupportedInterfaceOrientations_iPad = "UIInterfaceOrientationPortrait UIInterfaceOrientationPortraitUpsideDown UIInterfaceOrientationLandscapeLeft UIInterfaceOrientationLandscapeRight";
				INFOPLIST_KEY_UISupportedInterfaceOrientations_iPhone = "UIInterfaceOrientationPortrait UIInterfaceOrientationLandscapeLeft UIInterfaceOrientationLandscapeRight";
				LD_RUNPATH_SEARCH_PATHS = (
					"$(inherited)",
					"@executable_path/Frameworks",
				);
				MARKETING_VERSION = 1.0;
				PRODUCT_BUNDLE_IDENTIFIER = com.VictorGaritskyu.ZapFitness;
				PRODUCT_NAME = "$(TARGET_NAME)";
				SWIFT_EMIT_LOC_STRINGS = YES;
				SWIFT_VERSION = 5.0;
				TARGETED_DEVICE_FAMILY = "1,2";
			};
			name = Release;
		};
/* End XCBuildConfiguration section */

/* Begin XCConfigurationList section */
		16CB40702A07E62E00650EEA /* Build configuration list for PBXProject "ZapFitness" */ = {
			isa = XCConfigurationList;
			buildConfigurations = (
				16CB40812A07E63000650EEA /* Debug */,
				16CB40822A07E63000650EEA /* Release */,
			);
			defaultConfigurationIsVisible = 0;
			defaultConfigurationName = Release;
		};
		16CB40832A07E63000650EEA /* Build configuration list for PBXNativeTarget "ZapFitness" */ = {
			isa = XCConfigurationList;
			buildConfigurations = (
				16CB40842A07E63000650EEA /* Debug */,
				16CB40852A07E63000650EEA /* Release */,
			);
			defaultConfigurationIsVisible = 0;
			defaultConfigurationName = Release;
		};
/* End XCConfigurationList section */

/* Begin XCRemoteSwiftPackageReference section */
		166C2FDC2A17612E00969465 /* XCRemoteSwiftPackageReference "firebase-ios-sdk" */ = {
			isa = XCRemoteSwiftPackageReference;
			repositoryURL = "https://github.com/firebase/firebase-ios-sdk";
			requirement = {
				kind = upToNextMajorVersion;
				minimumVersion = 10.0.0;
			};
		};
/* End XCRemoteSwiftPackageReference section */

/* Begin XCSwiftPackageProductDependency section */
		166C2FDD2A17612E00969465 /* FirebaseAnalytics */ = {
			isa = XCSwiftPackageProductDependency;
			package = 166C2FDC2A17612E00969465 /* XCRemoteSwiftPackageReference "firebase-ios-sdk" */;
			productName = FirebaseAnalytics;
		};
		166C2FDF2A17612E00969465 /* FirebaseAnalyticsOnDeviceConversion */ = {
			isa = XCSwiftPackageProductDependency;
			package = 166C2FDC2A17612E00969465 /* XCRemoteSwiftPackageReference "firebase-ios-sdk" */;
			productName = FirebaseAnalyticsOnDeviceConversion;
		};
		166C2FE12A17612E00969465 /* FirebaseAnalyticsSwift */ = {
			isa = XCSwiftPackageProductDependency;
			package = 166C2FDC2A17612E00969465 /* XCRemoteSwiftPackageReference "firebase-ios-sdk" */;
			productName = FirebaseAnalyticsSwift;
		};
		166C2FE32A17612E00969465 /* FirebaseAnalyticsWithoutAdIdSupport */ = {
			isa = XCSwiftPackageProductDependency;
			package = 166C2FDC2A17612E00969465 /* XCRemoteSwiftPackageReference "firebase-ios-sdk" */;
			productName = FirebaseAnalyticsWithoutAdIdSupport;
		};
		166C2FE52A17612E00969465 /* FirebaseAppCheck */ = {
			isa = XCSwiftPackageProductDependency;
			package = 166C2FDC2A17612E00969465 /* XCRemoteSwiftPackageReference "firebase-ios-sdk" */;
			productName = FirebaseAppCheck;
		};
		166C2FE72A17612E00969465 /* FirebaseAppDistribution-Beta */ = {
			isa = XCSwiftPackageProductDependency;
			package = 166C2FDC2A17612E00969465 /* XCRemoteSwiftPackageReference "firebase-ios-sdk" */;
			productName = "FirebaseAppDistribution-Beta";
		};
		166C2FE92A17612E00969465 /* FirebaseAuth */ = {
			isa = XCSwiftPackageProductDependency;
			package = 166C2FDC2A17612E00969465 /* XCRemoteSwiftPackageReference "firebase-ios-sdk" */;
			productName = FirebaseAuth;
		};
		166C2FEB2A17612E00969465 /* FirebaseAuthCombine-Community */ = {
			isa = XCSwiftPackageProductDependency;
			package = 166C2FDC2A17612E00969465 /* XCRemoteSwiftPackageReference "firebase-ios-sdk" */;
			productName = "FirebaseAuthCombine-Community";
		};
		166C2FED2A17612E00969465 /* FirebaseCrashlytics */ = {
			isa = XCSwiftPackageProductDependency;
			package = 166C2FDC2A17612E00969465 /* XCRemoteSwiftPackageReference "firebase-ios-sdk" */;
			productName = FirebaseCrashlytics;
		};
		166C2FEF2A17612E00969465 /* FirebaseDatabase */ = {
			isa = XCSwiftPackageProductDependency;
			package = 166C2FDC2A17612E00969465 /* XCRemoteSwiftPackageReference "firebase-ios-sdk" */;
			productName = FirebaseDatabase;
		};
		166C2FF12A17612E00969465 /* FirebaseDatabaseSwift */ = {
			isa = XCSwiftPackageProductDependency;
			package = 166C2FDC2A17612E00969465 /* XCRemoteSwiftPackageReference "firebase-ios-sdk" */;
			productName = FirebaseDatabaseSwift;
		};
		166C2FF32A17612E00969465 /* FirebaseDynamicLinks */ = {
			isa = XCSwiftPackageProductDependency;
			package = 166C2FDC2A17612E00969465 /* XCRemoteSwiftPackageReference "firebase-ios-sdk" */;
			productName = FirebaseDynamicLinks;
		};
		166C2FF52A17612E00969465 /* FirebaseFirestore */ = {
			isa = XCSwiftPackageProductDependency;
			package = 166C2FDC2A17612E00969465 /* XCRemoteSwiftPackageReference "firebase-ios-sdk" */;
			productName = FirebaseFirestore;
		};
		166C2FF72A17612E00969465 /* FirebaseFirestoreCombine-Community */ = {
			isa = XCSwiftPackageProductDependency;
			package = 166C2FDC2A17612E00969465 /* XCRemoteSwiftPackageReference "firebase-ios-sdk" */;
			productName = "FirebaseFirestoreCombine-Community";
		};
		166C2FF92A17612E00969465 /* FirebaseFirestoreSwift */ = {
			isa = XCSwiftPackageProductDependency;
			package = 166C2FDC2A17612E00969465 /* XCRemoteSwiftPackageReference "firebase-ios-sdk" */;
			productName = FirebaseFirestoreSwift;
		};
		166C2FFB2A17612E00969465 /* FirebaseFunctions */ = {
			isa = XCSwiftPackageProductDependency;
			package = 166C2FDC2A17612E00969465 /* XCRemoteSwiftPackageReference "firebase-ios-sdk" */;
			productName = FirebaseFunctions;
		};
		166C2FFD2A17612E00969465 /* FirebaseFunctionsCombine-Community */ = {
			isa = XCSwiftPackageProductDependency;
			package = 166C2FDC2A17612E00969465 /* XCRemoteSwiftPackageReference "firebase-ios-sdk" */;
			productName = "FirebaseFunctionsCombine-Community";
		};
		166C2FFF2A17612E00969465 /* FirebaseInAppMessaging-Beta */ = {
			isa = XCSwiftPackageProductDependency;
			package = 166C2FDC2A17612E00969465 /* XCRemoteSwiftPackageReference "firebase-ios-sdk" */;
			productName = "FirebaseInAppMessaging-Beta";
		};
		166C30012A17612E00969465 /* FirebaseInAppMessagingSwift-Beta */ = {
			isa = XCSwiftPackageProductDependency;
			package = 166C2FDC2A17612E00969465 /* XCRemoteSwiftPackageReference "firebase-ios-sdk" */;
			productName = "FirebaseInAppMessagingSwift-Beta";
		};
		166C30032A17612E00969465 /* FirebaseInstallations */ = {
			isa = XCSwiftPackageProductDependency;
			package = 166C2FDC2A17612E00969465 /* XCRemoteSwiftPackageReference "firebase-ios-sdk" */;
			productName = FirebaseInstallations;
		};
		166C30052A17612E00969465 /* FirebaseMLModelDownloader */ = {
			isa = XCSwiftPackageProductDependency;
			package = 166C2FDC2A17612E00969465 /* XCRemoteSwiftPackageReference "firebase-ios-sdk" */;
			productName = FirebaseMLModelDownloader;
		};
		166C30072A17612E00969465 /* FirebaseMessaging */ = {
			isa = XCSwiftPackageProductDependency;
			package = 166C2FDC2A17612E00969465 /* XCRemoteSwiftPackageReference "firebase-ios-sdk" */;
			productName = FirebaseMessaging;
		};
		166C30092A17612E00969465 /* FirebasePerformance */ = {
			isa = XCSwiftPackageProductDependency;
			package = 166C2FDC2A17612E00969465 /* XCRemoteSwiftPackageReference "firebase-ios-sdk" */;
			productName = FirebasePerformance;
		};
		166C300B2A17612E00969465 /* FirebaseRemoteConfig */ = {
			isa = XCSwiftPackageProductDependency;
			package = 166C2FDC2A17612E00969465 /* XCRemoteSwiftPackageReference "firebase-ios-sdk" */;
			productName = FirebaseRemoteConfig;
		};
		166C300D2A17612E00969465 /* FirebaseRemoteConfigSwift */ = {
			isa = XCSwiftPackageProductDependency;
			package = 166C2FDC2A17612E00969465 /* XCRemoteSwiftPackageReference "firebase-ios-sdk" */;
			productName = FirebaseRemoteConfigSwift;
		};
		166C300F2A17612E00969465 /* FirebaseStorage */ = {
			isa = XCSwiftPackageProductDependency;
			package = 166C2FDC2A17612E00969465 /* XCRemoteSwiftPackageReference "firebase-ios-sdk" */;
			productName = FirebaseStorage;
		};
		166C30112A17612E00969465 /* FirebaseStorageCombine-Community */ = {
			isa = XCSwiftPackageProductDependency;
			package = 166C2FDC2A17612E00969465 /* XCRemoteSwiftPackageReference "firebase-ios-sdk" */;
			productName = "FirebaseStorageCombine-Community";
		};
/* End XCSwiftPackageProductDependency section */
	};
	rootObject = 16CB406D2A07E62E00650EEA /* Project object */;
}
